
Microsoft Visual Studio Solution File, Format Version 12.00
# Visual Studio Version 16
VisualStudioVersion = 16.0.29209.62
MinimumVisualStudioVersion = 10.0.40219.1
Project("{888888A0-9F3D-457C-B088-3A5042F75D52}") = "github_test", "github_test\github_test.pyproj", "{8B38DC69-E63C-490D-9BD4-8BC014798B8C}"
EndProject
Global
	GlobalSection(SolutionConfigurationPlatforms) = preSolution
		Debug|Any CPU = Debug|Any CPU
		Release|Any CPU = Release|Any CPU
	EndGlobalSection
	GlobalSection(ProjectConfigurationPlatforms) = postSolution
		{8B38DC69-E63C-490D-9BD4-8BC014798B8C}.Debug|Any CPU.ActiveCfg = Debug|Any CPU
		{8B38DC69-E63C-490D-9BD4-8BC014798B8C}.Release|Any CPU.ActiveCfg = Release|Any CPU
	EndGlobalSection
	GlobalSection(SolutionProperties) = preSolution
		HideSolutionNode = FALSE
	EndGlobalSection
	GlobalSection(ExtensibilityGlobals) = postSolution
		SolutionGuid = {B331B9E4-507A-4E47-9562-C2A656B8BE1C}
	EndGlobalSection
EndGlobal
